// !$*UTF8*$!
{
	archiveVersion = 1;
	classes = {
	};
	objectVersion = 50;
	objects = {

/* Begin PBXBuildFile section */
		0461EBF820C6BB150014EB34 /* LocationSearchTable.swift in Sources */ = {isa = PBXBuildFile; fileRef = 0461EBF720C6BB150014EB34 /* LocationSearchTable.swift */; };
		0461EBFA20C6E20D0014EB34 /* LocationPointer.swift in Sources */ = {isa = PBXBuildFile; fileRef = 0461EBF920C6E20C0014EB34 /* LocationPointer.swift */; };
		0461EBFC20C6E2580014EB34 /* LocationPointerView.swift in Sources */ = {isa = PBXBuildFile; fileRef = 0461EBFB20C6E2570014EB34 /* LocationPointerView.swift */; };
		04AB146320C841AF007419F0 /* CustomCells.swift in Sources */ = {isa = PBXBuildFile; fileRef = 04AB146220C841AF007419F0 /* CustomCells.swift */; };
		3E52B2BE20C9CDB000F4C460 /* GroupMenuTVC.swift in Sources */ = {isa = PBXBuildFile; fileRef = 3E52B2BD20C9CDB000F4C460 /* GroupMenuTVC.swift */; };
		3E52B2C020C9CDE200F4C460 /* JoinGroupPopupViewController.swift in Sources */ = {isa = PBXBuildFile; fileRef = 3E52B2BF20C9CDE200F4C460 /* JoinGroupPopupViewController.swift */; };
		6E01D6D220C69C9F004ABE58 /* CreateGroupVC.swift in Sources */ = {isa = PBXBuildFile; fileRef = 6E01D6D120C69C9F004ABE58 /* CreateGroupVC.swift */; };
		6E01D6D420C6A355004ABE58 /* AllGroupsTVC.swift in Sources */ = {isa = PBXBuildFile; fileRef = 6E01D6D320C6A355004ABE58 /* AllGroupsTVC.swift */; };
		6E01D6D620C6A386004ABE58 /* Group.swift in Sources */ = {isa = PBXBuildFile; fileRef = 6E01D6D520C6A386004ABE58 /* Group.swift */; };
		6E03485020BEBC77008EFC5D /* AppDelegate.swift in Sources */ = {isa = PBXBuildFile; fileRef = 6E03484F20BEBC77008EFC5D /* AppDelegate.swift */; };
		6E03485220BEBC77008EFC5D /* ViewController.swift in Sources */ = {isa = PBXBuildFile; fileRef = 6E03485120BEBC77008EFC5D /* ViewController.swift */; };
		6E03485520BEBC77008EFC5D /* Main.storyboard in Resources */ = {isa = PBXBuildFile; fileRef = 6E03485320BEBC77008EFC5D /* Main.storyboard */; };
		6E03485820BEBC77008EFC5D /* smallsteps.xcdatamodeld in Sources */ = {isa = PBXBuildFile; fileRef = 6E03485620BEBC77008EFC5D /* smallsteps.xcdatamodeld */; };
		6E03485A20BEBC79008EFC5D /* Assets.xcassets in Resources */ = {isa = PBXBuildFile; fileRef = 6E03485920BEBC79008EFC5D /* Assets.xcassets */; };
		6E03485D20BEBC79008EFC5D /* LaunchScreen.storyboard in Resources */ = {isa = PBXBuildFile; fileRef = 6E03485B20BEBC79008EFC5D /* LaunchScreen.storyboard */; };
		6E03486820BEBC79008EFC5D /* smallstepsTests.swift in Sources */ = {isa = PBXBuildFile; fileRef = 6E03486720BEBC79008EFC5D /* smallstepsTests.swift */; };
		6E03487320BEBC79008EFC5D /* smallstepsUITests.swift in Sources */ = {isa = PBXBuildFile; fileRef = 6E03487220BEBC79008EFC5D /* smallstepsUITests.swift */; };
		6E03488120BECC62008EFC5D /* Podfile in Resources */ = {isa = PBXBuildFile; fileRef = 6E03488020BECC62008EFC5D /* Podfile */; };
		6E0348C620BF3A72008EFC5D /* GoogleService-Info.plist in Resources */ = {isa = PBXBuildFile; fileRef = 6E0348C520BF3A72008EFC5D /* GoogleService-Info.plist */; };
		6E5978A120CECECC006E6AC1 /* GroupDetailVC.swift in Sources */ = {isa = PBXBuildFile; fileRef = 6E5978A020CECECC006E6AC1 /* GroupDetailVC.swift */; };
		6E5978A320CED9FC006E6AC1 /* GroupDetailTableViewCell.swift in Sources */ = {isa = PBXBuildFile; fileRef = 6E5978A220CED9FC006E6AC1 /* GroupDetailTableViewCell.swift */; };
		6EA7782820C0483A00D885C8 /* CoreLocation.framework in Frameworks */ = {isa = PBXBuildFile; fileRef = 6EA7782720C0483A00D885C8 /* CoreLocation.framework */; };
		6EAD1FBF20C5AD4500E5DF61 /* CreateUserViewController.swift in Sources */ = {isa = PBXBuildFile; fileRef = 6EAD1FBE20C5AD4500E5DF61 /* CreateUserViewController.swift */; };
		E5308FDE632403EB2FD8F542 /* Pods_smallsteps.framework in Frameworks */ = {isa = PBXBuildFile; fileRef = 31BE804FD74B4010CC95E798 /* Pods_smallsteps.framework */; };
/* End PBXBuildFile section */

/* Begin PBXContainerItemProxy section */
		6E03486420BEBC79008EFC5D /* PBXContainerItemProxy */ = {
			isa = PBXContainerItemProxy;
			containerPortal = 6E03484420BEBC77008EFC5D /* Project object */;
			proxyType = 1;
			remoteGlobalIDString = 6E03484B20BEBC77008EFC5D;
			remoteInfo = smallsteps;
		};
		6E03486F20BEBC79008EFC5D /* PBXContainerItemProxy */ = {
			isa = PBXContainerItemProxy;
			containerPortal = 6E03484420BEBC77008EFC5D /* Project object */;
			proxyType = 1;
			remoteGlobalIDString = 6E03484B20BEBC77008EFC5D;
			remoteInfo = smallsteps;
		};
/* End PBXContainerItemProxy section */

/* Begin PBXFileReference section */
		0461EBF720C6BB150014EB34 /* LocationSearchTable.swift */ = {isa = PBXFileReference; lastKnownFileType = sourcecode.swift; path = LocationSearchTable.swift; sourceTree = "<group>"; };
		0461EBF920C6E20C0014EB34 /* LocationPointer.swift */ = {isa = PBXFileReference; fileEncoding = 4; lastKnownFileType = sourcecode.swift; path = LocationPointer.swift; sourceTree = "<group>"; };
		0461EBFB20C6E2570014EB34 /* LocationPointerView.swift */ = {isa = PBXFileReference; fileEncoding = 4; lastKnownFileType = sourcecode.swift; path = LocationPointerView.swift; sourceTree = "<group>"; };
		04AB146220C841AF007419F0 /* CustomCells.swift */ = {isa = PBXFileReference; fileEncoding = 4; lastKnownFileType = sourcecode.swift; path = CustomCells.swift; sourceTree = "<group>"; };
		31BE804FD74B4010CC95E798 /* Pods_smallsteps.framework */ = {isa = PBXFileReference; explicitFileType = wrapper.framework; includeInIndex = 0; path = Pods_smallsteps.framework; sourceTree = BUILT_PRODUCTS_DIR; };
		3E52B2BD20C9CDB000F4C460 /* GroupMenuTVC.swift */ = {isa = PBXFileReference; fileEncoding = 4; lastKnownFileType = sourcecode.swift; path = GroupMenuTVC.swift; sourceTree = "<group>"; };
		3E52B2BF20C9CDE200F4C460 /* JoinGroupPopupViewController.swift */ = {isa = PBXFileReference; fileEncoding = 4; lastKnownFileType = sourcecode.swift; path = JoinGroupPopupViewController.swift; sourceTree = "<group>"; };
		6E01D6D120C69C9F004ABE58 /* CreateGroupVC.swift */ = {isa = PBXFileReference; lastKnownFileType = sourcecode.swift; path = CreateGroupVC.swift; sourceTree = "<group>"; };
		6E01D6D320C6A355004ABE58 /* AllGroupsTVC.swift */ = {isa = PBXFileReference; lastKnownFileType = sourcecode.swift; path = AllGroupsTVC.swift; sourceTree = "<group>"; };
		6E01D6D520C6A386004ABE58 /* Group.swift */ = {isa = PBXFileReference; lastKnownFileType = sourcecode.swift; path = Group.swift; sourceTree = "<group>"; };
		6E03484C20BEBC77008EFC5D /* smallsteps.app */ = {isa = PBXFileReference; explicitFileType = wrapper.application; includeInIndex = 0; path = smallsteps.app; sourceTree = BUILT_PRODUCTS_DIR; };
		6E03484F20BEBC77008EFC5D /* AppDelegate.swift */ = {isa = PBXFileReference; lastKnownFileType = sourcecode.swift; path = AppDelegate.swift; sourceTree = "<group>"; };
		6E03485120BEBC77008EFC5D /* ViewController.swift */ = {isa = PBXFileReference; lastKnownFileType = sourcecode.swift; path = ViewController.swift; sourceTree = "<group>"; };
		6E03485420BEBC77008EFC5D /* Base */ = {isa = PBXFileReference; lastKnownFileType = file.storyboard; name = Base; path = Base.lproj/Main.storyboard; sourceTree = "<group>"; };
		6E03485720BEBC77008EFC5D /* smallsteps.xcdatamodel */ = {isa = PBXFileReference; lastKnownFileType = wrapper.xcdatamodel; path = smallsteps.xcdatamodel; sourceTree = "<group>"; };
		6E03485920BEBC79008EFC5D /* Assets.xcassets */ = {isa = PBXFileReference; lastKnownFileType = folder.assetcatalog; path = Assets.xcassets; sourceTree = "<group>"; };
		6E03485C20BEBC79008EFC5D /* Base */ = {isa = PBXFileReference; lastKnownFileType = file.storyboard; name = Base; path = Base.lproj/LaunchScreen.storyboard; sourceTree = "<group>"; };
		6E03485E20BEBC79008EFC5D /* Info.plist */ = {isa = PBXFileReference; lastKnownFileType = text.plist.xml; path = Info.plist; sourceTree = "<group>"; };
		6E03486320BEBC79008EFC5D /* smallstepsTests.xctest */ = {isa = PBXFileReference; explicitFileType = wrapper.cfbundle; includeInIndex = 0; path = smallstepsTests.xctest; sourceTree = BUILT_PRODUCTS_DIR; };
		6E03486720BEBC79008EFC5D /* smallstepsTests.swift */ = {isa = PBXFileReference; lastKnownFileType = sourcecode.swift; path = smallstepsTests.swift; sourceTree = "<group>"; };
		6E03486920BEBC79008EFC5D /* Info.plist */ = {isa = PBXFileReference; lastKnownFileType = text.plist.xml; path = Info.plist; sourceTree = "<group>"; };
		6E03486E20BEBC79008EFC5D /* smallstepsUITests.xctest */ = {isa = PBXFileReference; explicitFileType = wrapper.cfbundle; includeInIndex = 0; path = smallstepsUITests.xctest; sourceTree = BUILT_PRODUCTS_DIR; };
		6E03487220BEBC79008EFC5D /* smallstepsUITests.swift */ = {isa = PBXFileReference; lastKnownFileType = sourcecode.swift; path = smallstepsUITests.swift; sourceTree = "<group>"; };
		6E03487420BEBC79008EFC5D /* Info.plist */ = {isa = PBXFileReference; lastKnownFileType = text.plist.xml; path = Info.plist; sourceTree = "<group>"; };
		6E03488020BECC62008EFC5D /* Podfile */ = {isa = PBXFileReference; lastKnownFileType = text; path = Podfile; sourceTree = "<group>"; xcLanguageSpecificationIdentifier = xcode.lang.ruby; };
		6E0348C520BF3A72008EFC5D /* GoogleService-Info.plist */ = {isa = PBXFileReference; fileEncoding = 4; lastKnownFileType = text.plist.xml; path = "GoogleService-Info.plist"; sourceTree = SOURCE_ROOT; };
		6E5978A020CECECC006E6AC1 /* GroupDetailVC.swift */ = {isa = PBXFileReference; lastKnownFileType = sourcecode.swift; path = GroupDetailVC.swift; sourceTree = "<group>"; };
		6E5978A220CED9FC006E6AC1 /* GroupDetailTableViewCell.swift */ = {isa = PBXFileReference; lastKnownFileType = sourcecode.swift; path = GroupDetailTableViewCell.swift; sourceTree = "<group>"; };
		6EA7782720C0483A00D885C8 /* CoreLocation.framework */ = {isa = PBXFileReference; lastKnownFileType = wrapper.framework; name = CoreLocation.framework; path = System/Library/Frameworks/CoreLocation.framework; sourceTree = SDKROOT; };
		6EAD1FBE20C5AD4500E5DF61 /* CreateUserViewController.swift */ = {isa = PBXFileReference; lastKnownFileType = sourcecode.swift; path = CreateUserViewController.swift; sourceTree = "<group>"; };
		A2D4966D20D1BE09456D34A8 /* Pods-smallsteps.release.xcconfig */ = {isa = PBXFileReference; includeInIndex = 1; lastKnownFileType = text.xcconfig; name = "Pods-smallsteps.release.xcconfig"; path = "Pods/Target Support Files/Pods-smallsteps/Pods-smallsteps.release.xcconfig"; sourceTree = "<group>"; };
		C0F2DAE76E7D67759002A8FC /* Pods-smallsteps.debug.xcconfig */ = {isa = PBXFileReference; includeInIndex = 1; lastKnownFileType = text.xcconfig; name = "Pods-smallsteps.debug.xcconfig"; path = "Pods/Target Support Files/Pods-smallsteps/Pods-smallsteps.debug.xcconfig"; sourceTree = "<group>"; };
/* End PBXFileReference section */

/* Begin PBXFrameworksBuildPhase section */
		6E03484920BEBC77008EFC5D /* Frameworks */ = {
			isa = PBXFrameworksBuildPhase;
			buildActionMask = 2147483647;
			files = (
				6EA7782820C0483A00D885C8 /* CoreLocation.framework in Frameworks */,
				E5308FDE632403EB2FD8F542 /* Pods_smallsteps.framework in Frameworks */,
			);
			runOnlyForDeploymentPostprocessing = 0;
		};
		6E03486020BEBC79008EFC5D /* Frameworks */ = {
			isa = PBXFrameworksBuildPhase;
			buildActionMask = 2147483647;
			files = (
			);
			runOnlyForDeploymentPostprocessing = 0;
		};
		6E03486B20BEBC79008EFC5D /* Frameworks */ = {
			isa = PBXFrameworksBuildPhase;
			buildActionMask = 2147483647;
			files = (
			);
			runOnlyForDeploymentPostprocessing = 0;
		};
/* End PBXFrameworksBuildPhase section */

/* Begin PBXGroup section */
		6E03484320BEBC77008EFC5D = {
			isa = PBXGroup;
			children = (
				6E03488020BECC62008EFC5D /* Podfile */,
				6E03484E20BEBC77008EFC5D /* smallsteps */,
				6E03486620BEBC79008EFC5D /* smallstepsTests */,
				6E03487120BEBC79008EFC5D /* smallstepsUITests */,
				6E03484D20BEBC77008EFC5D /* Products */,
				D14177EE37F4B4674490533A /* Pods */,
				8591F96C0DDC4BA7C66A2311 /* Frameworks */,
			);
			sourceTree = "<group>";
		};
		6E03484D20BEBC77008EFC5D /* Products */ = {
			isa = PBXGroup;
			children = (
				6E03484C20BEBC77008EFC5D /* smallsteps.app */,
				6E03486320BEBC79008EFC5D /* smallstepsTests.xctest */,
				6E03486E20BEBC79008EFC5D /* smallstepsUITests.xctest */,
			);
			name = Products;
			sourceTree = "<group>";
		};
		6E03484E20BEBC77008EFC5D /* smallsteps */ = {
			isa = PBXGroup;
			children = (
				0461EBFB20C6E2570014EB34 /* LocationPointerView.swift */,
				0461EBF920C6E20C0014EB34 /* LocationPointer.swift */,
				3E52B2BF20C9CDE200F4C460 /* JoinGroupPopupViewController.swift */,
				6E0348C520BF3A72008EFC5D /* GoogleService-Info.plist */,
				6E03484F20BEBC77008EFC5D /* AppDelegate.swift */,
				6E03485120BEBC77008EFC5D /* ViewController.swift */,
				6E03485320BEBC77008EFC5D /* Main.storyboard */,
				6E03485920BEBC79008EFC5D /* Assets.xcassets */,
				6E03485B20BEBC79008EFC5D /* LaunchScreen.storyboard */,
				6E03485E20BEBC79008EFC5D /* Info.plist */,
				6E03485620BEBC77008EFC5D /* smallsteps.xcdatamodeld */,
				6EAD1FBE20C5AD4500E5DF61 /* CreateUserViewController.swift */,
				6E01D6D120C69C9F004ABE58 /* CreateGroupVC.swift */,
				3E52B2BD20C9CDB000F4C460 /* GroupMenuTVC.swift */,
				6E01D6D320C6A355004ABE58 /* AllGroupsTVC.swift */,
				6E01D6D520C6A386004ABE58 /* Group.swift */,
				0461EBF720C6BB150014EB34 /* LocationSearchTable.swift */,
				04AB146220C841AF007419F0 /* CustomCells.swift */,
				6E5978A020CECECC006E6AC1 /* GroupDetailVC.swift */,
				6E5978A220CED9FC006E6AC1 /* GroupDetailTableViewCell.swift */,
			);
			path = smallsteps;
			sourceTree = "<group>";
		};
		6E03486620BEBC79008EFC5D /* smallstepsTests */ = {
			isa = PBXGroup;
			children = (
				6E03486720BEBC79008EFC5D /* smallstepsTests.swift */,
				6E03486920BEBC79008EFC5D /* Info.plist */,
			);
			path = smallstepsTests;
			sourceTree = "<group>";
		};
		6E03487120BEBC79008EFC5D /* smallstepsUITests */ = {
			isa = PBXGroup;
			children = (
				6E03487220BEBC79008EFC5D /* smallstepsUITests.swift */,
				6E03487420BEBC79008EFC5D /* Info.plist */,
			);
			path = smallstepsUITests;
			sourceTree = "<group>";
		};
		8591F96C0DDC4BA7C66A2311 /* Frameworks */ = {
			isa = PBXGroup;
			children = (
				6EA7782720C0483A00D885C8 /* CoreLocation.framework */,
				31BE804FD74B4010CC95E798 /* Pods_smallsteps.framework */,
			);
			name = Frameworks;
			sourceTree = "<group>";
		};
		D14177EE37F4B4674490533A /* Pods */ = {
			isa = PBXGroup;
			children = (
				C0F2DAE76E7D67759002A8FC /* Pods-smallsteps.debug.xcconfig */,
				A2D4966D20D1BE09456D34A8 /* Pods-smallsteps.release.xcconfig */,
			);
			name = Pods;
			sourceTree = "<group>";
		};
/* End PBXGroup section */

/* Begin PBXNativeTarget section */
		6E03484B20BEBC77008EFC5D /* smallsteps */ = {
			isa = PBXNativeTarget;
			buildConfigurationList = 6E03487720BEBC79008EFC5D /* Build configuration list for PBXNativeTarget "smallsteps" */;
			buildPhases = (
				C89EB2DB9D944C1485C9D193 /* [CP] Check Pods Manifest.lock */,
				6E03484820BEBC77008EFC5D /* Sources */,
				6E03484920BEBC77008EFC5D /* Frameworks */,
				6E03484A20BEBC77008EFC5D /* Resources */,
				31E8DA8FF0664E136DF0ECF9 /* [CP] Embed Pods Frameworks */,
			);
			buildRules = (
			);
			dependencies = (
			);
			name = smallsteps;
			productName = smallsteps;
			productReference = 6E03484C20BEBC77008EFC5D /* smallsteps.app */;
			productType = "com.apple.product-type.application";
		};
		6E03486220BEBC79008EFC5D /* smallstepsTests */ = {
			isa = PBXNativeTarget;
			buildConfigurationList = 6E03487A20BEBC79008EFC5D /* Build configuration list for PBXNativeTarget "smallstepsTests" */;
			buildPhases = (
				6E03485F20BEBC79008EFC5D /* Sources */,
				6E03486020BEBC79008EFC5D /* Frameworks */,
				6E03486120BEBC79008EFC5D /* Resources */,
			);
			buildRules = (
			);
			dependencies = (
				6E03486520BEBC79008EFC5D /* PBXTargetDependency */,
			);
			name = smallstepsTests;
			productName = smallstepsTests;
			productReference = 6E03486320BEBC79008EFC5D /* smallstepsTests.xctest */;
			productType = "com.apple.product-type.bundle.unit-test";
		};
		6E03486D20BEBC79008EFC5D /* smallstepsUITests */ = {
			isa = PBXNativeTarget;
			buildConfigurationList = 6E03487D20BEBC79008EFC5D /* Build configuration list for PBXNativeTarget "smallstepsUITests" */;
			buildPhases = (
				6E03486A20BEBC79008EFC5D /* Sources */,
				6E03486B20BEBC79008EFC5D /* Frameworks */,
				6E03486C20BEBC79008EFC5D /* Resources */,
			);
			buildRules = (
			);
			dependencies = (
				6E03487020BEBC79008EFC5D /* PBXTargetDependency */,
			);
			name = smallstepsUITests;
			productName = smallstepsUITests;
			productReference = 6E03486E20BEBC79008EFC5D /* smallstepsUITests.xctest */;
			productType = "com.apple.product-type.bundle.ui-testing";
		};
/* End PBXNativeTarget section */

/* Begin PBXProject section */
		6E03484420BEBC77008EFC5D /* Project object */ = {
			isa = PBXProject;
			attributes = {
				LastSwiftUpdateCheck = 0940;
				LastUpgradeCheck = 0940;
				ORGANIZATIONNAME = group29;
				TargetAttributes = {
					6E03484B20BEBC77008EFC5D = {
						CreatedOnToolsVersion = 9.4;
					};
					6E03486220BEBC79008EFC5D = {
						CreatedOnToolsVersion = 9.4;
						TestTargetID = 6E03484B20BEBC77008EFC5D;
					};
					6E03486D20BEBC79008EFC5D = {
						CreatedOnToolsVersion = 9.4;
						TestTargetID = 6E03484B20BEBC77008EFC5D;
					};
				};
			};
			buildConfigurationList = 6E03484720BEBC77008EFC5D /* Build configuration list for PBXProject "smallsteps" */;
			compatibilityVersion = "Xcode 9.3";
			developmentRegion = en;
			hasScannedForEncodings = 0;
			knownRegions = (
				en,
				Base,
			);
			mainGroup = 6E03484320BEBC77008EFC5D;
			productRefGroup = 6E03484D20BEBC77008EFC5D /* Products */;
			projectDirPath = "";
			projectRoot = "";
			targets = (
				6E03484B20BEBC77008EFC5D /* smallsteps */,
				6E03486220BEBC79008EFC5D /* smallstepsTests */,
				6E03486D20BEBC79008EFC5D /* smallstepsUITests */,
			);
		};
/* End PBXProject section */

/* Begin PBXResourcesBuildPhase section */
		6E03484A20BEBC77008EFC5D /* Resources */ = {
			isa = PBXResourcesBuildPhase;
			buildActionMask = 2147483647;
			files = (
				6E03485D20BEBC79008EFC5D /* LaunchScreen.storyboard in Resources */,
				6E03485A20BEBC79008EFC5D /* Assets.xcassets in Resources */,
				6E0348C620BF3A72008EFC5D /* GoogleService-Info.plist in Resources */,
				6E03488120BECC62008EFC5D /* Podfile in Resources */,
				6E03485520BEBC77008EFC5D /* Main.storyboard in Resources */,
			);
			runOnlyForDeploymentPostprocessing = 0;
		};
		6E03486120BEBC79008EFC5D /* Resources */ = {
			isa = PBXResourcesBuildPhase;
			buildActionMask = 2147483647;
			files = (
			);
			runOnlyForDeploymentPostprocessing = 0;
		};
		6E03486C20BEBC79008EFC5D /* Resources */ = {
			isa = PBXResourcesBuildPhase;
			buildActionMask = 2147483647;
			files = (
			);
			runOnlyForDeploymentPostprocessing = 0;
		};
/* End PBXResourcesBuildPhase section */

/* Begin PBXShellScriptBuildPhase section */
		31E8DA8FF0664E136DF0ECF9 /* [CP] Embed Pods Frameworks */ = {
			isa = PBXShellScriptBuildPhase;
			buildActionMask = 2147483647;
			files = (
			);
			inputPaths = (
				"${SRCROOT}/Pods/Target Support Files/Pods-smallsteps/Pods-smallsteps-frameworks.sh",
				"${BUILT_PRODUCTS_DIR}/Alamofire/Alamofire.framework",
				"${BUILT_PRODUCTS_DIR}/Eureka/Eureka.framework",
				"${BUILT_PRODUCTS_DIR}/SocketRocket/SocketRocket.framework",
				"${BUILT_PRODUCTS_DIR}/StompClientLib/StompClientLib.framework",
				"${BUILT_PRODUCTS_DIR}/SwiftyJSON/SwiftyJSON.framework",
			);
			name = "[CP] Embed Pods Frameworks";
			outputPaths = (
				"${TARGET_BUILD_DIR}/${FRAMEWORKS_FOLDER_PATH}/Alamofire.framework",
				"${TARGET_BUILD_DIR}/${FRAMEWORKS_FOLDER_PATH}/Eureka.framework",
				"${TARGET_BUILD_DIR}/${FRAMEWORKS_FOLDER_PATH}/SocketRocket.framework",
				"${TARGET_BUILD_DIR}/${FRAMEWORKS_FOLDER_PATH}/StompClientLib.framework",
				"${TARGET_BUILD_DIR}/${FRAMEWORKS_FOLDER_PATH}/SwiftyJSON.framework",
			);
			runOnlyForDeploymentPostprocessing = 0;
			shellPath = /bin/sh;
			shellScript = "\"${SRCROOT}/Pods/Target Support Files/Pods-smallsteps/Pods-smallsteps-frameworks.sh\"\n";
			showEnvVarsInLog = 0;
		};
		C89EB2DB9D944C1485C9D193 /* [CP] Check Pods Manifest.lock */ = {
			isa = PBXShellScriptBuildPhase;
			buildActionMask = 2147483647;
			files = (
			);
			inputPaths = (
				"${PODS_PODFILE_DIR_PATH}/Podfile.lock",
				"${PODS_ROOT}/Manifest.lock",
			);
			name = "[CP] Check Pods Manifest.lock";
			outputPaths = (
				"$(DERIVED_FILE_DIR)/Pods-smallsteps-checkManifestLockResult.txt",
			);
			runOnlyForDeploymentPostprocessing = 0;
			shellPath = /bin/sh;
			shellScript = "diff \"${PODS_PODFILE_DIR_PATH}/Podfile.lock\" \"${PODS_ROOT}/Manifest.lock\" > /dev/null\nif [ $? != 0 ] ; then\n    # print error to STDERR\n    echo \"error: The sandbox is not in sync with the Podfile.lock. Run 'pod install' or update your CocoaPods installation.\" >&2\n    exit 1\nfi\n# This output is used by Xcode 'outputs' to avoid re-running this script phase.\necho \"SUCCESS\" > \"${SCRIPT_OUTPUT_FILE_0}\"\n";
			showEnvVarsInLog = 0;
		};
/* End PBXShellScriptBuildPhase section */

/* Begin PBXSourcesBuildPhase section */
		6E03484820BEBC77008EFC5D /* Sources */ = {
			isa = PBXSourcesBuildPhase;
			buildActionMask = 2147483647;
			files = (
				0461EBFA20C6E20D0014EB34 /* LocationPointer.swift in Sources */,
				6E5978A120CECECC006E6AC1 /* GroupDetailVC.swift in Sources */,
				3E52B2C020C9CDE200F4C460 /* JoinGroupPopupViewController.swift in Sources */,
				6EAD1FBF20C5AD4500E5DF61 /* CreateUserViewController.swift in Sources */,
				6E03485820BEBC77008EFC5D /* smallsteps.xcdatamodeld in Sources */,
				6E03485220BEBC77008EFC5D /* ViewController.swift in Sources */,
				6E5978A320CED9FC006E6AC1 /* GroupDetailTableViewCell.swift in Sources */,
				0461EBF820C6BB150014EB34 /* LocationSearchTable.swift in Sources */,
				6E01D6D620C6A386004ABE58 /* Group.swift in Sources */,
				6E01D6D420C6A355004ABE58 /* AllGroupsTVC.swift in Sources */,
				6E01D6D220C69C9F004ABE58 /* CreateGroupVC.swift in Sources */,
				3E52B2BE20C9CDB000F4C460 /* GroupMenuTVC.swift in Sources */,
				0461EBFC20C6E2580014EB34 /* LocationPointerView.swift in Sources */,
				6E03485020BEBC77008EFC5D /* AppDelegate.swift in Sources */,
				04AB146320C841AF007419F0 /* CustomCells.swift in Sources */,
			);
			runOnlyForDeploymentPostprocessing = 0;
		};
		6E03485F20BEBC79008EFC5D /* Sources */ = {
			isa = PBXSourcesBuildPhase;
			buildActionMask = 2147483647;
			files = (
				6E03486820BEBC79008EFC5D /* smallstepsTests.swift in Sources */,
			);
			runOnlyForDeploymentPostprocessing = 0;
		};
		6E03486A20BEBC79008EFC5D /* Sources */ = {
			isa = PBXSourcesBuildPhase;
			buildActionMask = 2147483647;
			files = (
				6E03487320BEBC79008EFC5D /* smallstepsUITests.swift in Sources */,
			);
			runOnlyForDeploymentPostprocessing = 0;
		};
/* End PBXSourcesBuildPhase section */

/* Begin PBXTargetDependency section */
		6E03486520BEBC79008EFC5D /* PBXTargetDependency */ = {
			isa = PBXTargetDependency;
			target = 6E03484B20BEBC77008EFC5D /* smallsteps */;
			targetProxy = 6E03486420BEBC79008EFC5D /* PBXContainerItemProxy */;
		};
		6E03487020BEBC79008EFC5D /* PBXTargetDependency */ = {
			isa = PBXTargetDependency;
			target = 6E03484B20BEBC77008EFC5D /* smallsteps */;
			targetProxy = 6E03486F20BEBC79008EFC5D /* PBXContainerItemProxy */;
		};
/* End PBXTargetDependency section */

/* Begin PBXVariantGroup section */
		6E03485320BEBC77008EFC5D /* Main.storyboard */ = {
			isa = PBXVariantGroup;
			children = (
				6E03485420BEBC77008EFC5D /* Base */,
			);
			name = Main.storyboard;
			sourceTree = "<group>";
		};
		6E03485B20BEBC79008EFC5D /* LaunchScreen.storyboard */ = {
			isa = PBXVariantGroup;
			children = (
				6E03485C20BEBC79008EFC5D /* Base */,
			);
			name = LaunchScreen.storyboard;
			sourceTree = "<group>";
		};
/* End PBXVariantGroup section */

/* Begin XCBuildConfiguration section */
		6E03487520BEBC79008EFC5D /* Debug */ = {
			isa = XCBuildConfiguration;
			buildSettings = {
				ALWAYS_SEARCH_USER_PATHS = NO;
				CLANG_ANALYZER_NONNULL = YES;
				CLANG_ANALYZER_NUMBER_OBJECT_CONVERSION = YES_AGGRESSIVE;
				CLANG_CXX_LANGUAGE_STANDARD = "gnu++14";
				CLANG_CXX_LIBRARY = "libc++";
				CLANG_ENABLE_MODULES = YES;
				CLANG_ENABLE_OBJC_ARC = YES;
				CLANG_ENABLE_OBJC_WEAK = YES;
				CLANG_WARN_BLOCK_CAPTURE_AUTORELEASING = YES;
				CLANG_WARN_BOOL_CONVERSION = YES;
				CLANG_WARN_COMMA = YES;
				CLANG_WARN_CONSTANT_CONVERSION = YES;
				CLANG_WARN_DEPRECATED_OBJC_IMPLEMENTATIONS = YES;
				CLANG_WARN_DIRECT_OBJC_ISA_USAGE = YES_ERROR;
				CLANG_WARN_DOCUMENTATION_COMMENTS = YES;
				CLANG_WARN_EMPTY_BODY = YES;
				CLANG_WARN_ENUM_CONVERSION = YES;
				CLANG_WARN_INFINITE_RECURSION = YES;
				CLANG_WARN_INT_CONVERSION = YES;
				CLANG_WARN_NON_LITERAL_NULL_CONVERSION = YES;
				CLANG_WARN_OBJC_IMPLICIT_RETAIN_SELF = YES;
				CLANG_WARN_OBJC_LITERAL_CONVERSION = YES;
				CLANG_WARN_OBJC_ROOT_CLASS = YES_ERROR;
				CLANG_WARN_RANGE_LOOP_ANALYSIS = YES;
				CLANG_WARN_STRICT_PROTOTYPES = YES;
				CLANG_WARN_SUSPICIOUS_MOVE = YES;
				CLANG_WARN_UNGUARDED_AVAILABILITY = YES_AGGRESSIVE;
				CLANG_WARN_UNREACHABLE_CODE = YES;
				CLANG_WARN__DUPLICATE_METHOD_MATCH = YES;
				CODE_SIGN_IDENTITY = "iPhone Developer";
				COPY_PHASE_STRIP = NO;
				DEBUG_INFORMATION_FORMAT = dwarf;
				ENABLE_STRICT_OBJC_MSGSEND = YES;
				ENABLE_TESTABILITY = YES;
				GCC_C_LANGUAGE_STANDARD = gnu11;
				GCC_DYNAMIC_NO_PIC = NO;
				GCC_NO_COMMON_BLOCKS = YES;
				GCC_OPTIMIZATION_LEVEL = 0;
				GCC_PREPROCESSOR_DEFINITIONS = (
					"DEBUG=1",
					"$(inherited)",
				);
				GCC_WARN_64_TO_32_BIT_CONVERSION = YES;
				GCC_WARN_ABOUT_RETURN_TYPE = YES_ERROR;
				GCC_WARN_UNDECLARED_SELECTOR = YES;
				GCC_WARN_UNINITIALIZED_AUTOS = YES_AGGRESSIVE;
				GCC_WARN_UNUSED_FUNCTION = YES;
				GCC_WARN_UNUSED_VARIABLE = YES;
				IPHONEOS_DEPLOYMENT_TARGET = 11.4;
				MTL_ENABLE_DEBUG_INFO = YES;
				ONLY_ACTIVE_ARCH = YES;
				SDKROOT = iphoneos;
				SWIFT_ACTIVE_COMPILATION_CONDITIONS = DEBUG;
				SWIFT_OPTIMIZATION_LEVEL = "-Onone";
			};
			name = Debug;
		};
		6E03487620BEBC79008EFC5D /* Release */ = {
			isa = XCBuildConfiguration;
			buildSettings = {
				ALWAYS_SEARCH_USER_PATHS = NO;
				CLANG_ANALYZER_NONNULL = YES;
				CLANG_ANALYZER_NUMBER_OBJECT_CONVERSION = YES_AGGRESSIVE;
				CLANG_CXX_LANGUAGE_STANDARD = "gnu++14";
				CLANG_CXX_LIBRARY = "libc++";
				CLANG_ENABLE_MODULES = YES;
				CLANG_ENABLE_OBJC_ARC = YES;
				CLANG_ENABLE_OBJC_WEAK = YES;
				CLANG_WARN_BLOCK_CAPTURE_AUTORELEASING = YES;
				CLANG_WARN_BOOL_CONVERSION = YES;
				CLANG_WARN_COMMA = YES;
				CLANG_WARN_CONSTANT_CONVERSION = YES;
				CLANG_WARN_DEPRECATED_OBJC_IMPLEMENTATIONS = YES;
				CLANG_WARN_DIRECT_OBJC_ISA_USAGE = YES_ERROR;
				CLANG_WARN_DOCUMENTATION_COMMENTS = YES;
				CLANG_WARN_EMPTY_BODY = YES;
				CLANG_WARN_ENUM_CONVERSION = YES;
				CLANG_WARN_INFINITE_RECURSION = YES;
				CLANG_WARN_INT_CONVERSION = YES;
				CLANG_WARN_NON_LITERAL_NULL_CONVERSION = YES;
				CLANG_WARN_OBJC_IMPLICIT_RETAIN_SELF = YES;
				CLANG_WARN_OBJC_LITERAL_CONVERSION = YES;
				CLANG_WARN_OBJC_ROOT_CLASS = YES_ERROR;
				CLANG_WARN_RANGE_LOOP_ANALYSIS = YES;
				CLANG_WARN_STRICT_PROTOTYPES = YES;
				CLANG_WARN_SUSPICIOUS_MOVE = YES;
				CLANG_WARN_UNGUARDED_AVAILABILITY = YES_AGGRESSIVE;
				CLANG_WARN_UNREACHABLE_CODE = YES;
				CLANG_WARN__DUPLICATE_METHOD_MATCH = YES;
				CODE_SIGN_IDENTITY = "iPhone Developer";
				COPY_PHASE_STRIP = NO;
				DEBUG_INFORMATION_FORMAT = "dwarf-with-dsym";
				ENABLE_NS_ASSERTIONS = NO;
				ENABLE_STRICT_OBJC_MSGSEND = YES;
				GCC_C_LANGUAGE_STANDARD = gnu11;
				GCC_NO_COMMON_BLOCKS = YES;
				GCC_WARN_64_TO_32_BIT_CONVERSION = YES;
				GCC_WARN_ABOUT_RETURN_TYPE = YES_ERROR;
				GCC_WARN_UNDECLARED_SELECTOR = YES;
				GCC_WARN_UNINITIALIZED_AUTOS = YES_AGGRESSIVE;
				GCC_WARN_UNUSED_FUNCTION = YES;
				GCC_WARN_UNUSED_VARIABLE = YES;
				IPHONEOS_DEPLOYMENT_TARGET = 11.4;
				MTL_ENABLE_DEBUG_INFO = NO;
				SDKROOT = iphoneos;
				SWIFT_COMPILATION_MODE = wholemodule;
				SWIFT_OPTIMIZATION_LEVEL = "-O";
				VALIDATE_PRODUCT = YES;
			};
			name = Release;
		};
		6E03487820BEBC79008EFC5D /* Debug */ = {
			isa = XCBuildConfiguration;
			baseConfigurationReference = C0F2DAE76E7D67759002A8FC /* Pods-smallsteps.debug.xcconfig */;
			buildSettings = {
				ASSETCATALOG_COMPILER_APPICON_NAME = AppIcon;
				CODE_SIGN_IDENTITY = "iPhone Developer";
				CODE_SIGN_STYLE = Automatic;
				DEVELOPMENT_TEAM = KVLV4PH39V;
				INFOPLIST_FILE = smallsteps/Info.plist;
				IPHONEOS_DEPLOYMENT_TARGET = 11.3;
				LD_RUNPATH_SEARCH_PATHS = (
					"$(inherited)",
					"@executable_path/Frameworks",
				);
				PRODUCT_BUNDLE_IDENTIFIER = com.group29.smallstep;
				PRODUCT_NAME = "$(TARGET_NAME)";
				PROVISIONING_PROFILE_SPECIFIER = "";
				SWIFT_VERSION = 4.0;
				TARGETED_DEVICE_FAMILY = "1,2";
			};
			name = Debug;
		};
		6E03487920BEBC79008EFC5D /* Release */ = {
			isa = XCBuildConfiguration;
			baseConfigurationReference = A2D4966D20D1BE09456D34A8 /* Pods-smallsteps.release.xcconfig */;
			buildSettings = {
				ASSETCATALOG_COMPILER_APPICON_NAME = AppIcon;
				CODE_SIGN_IDENTITY = "iPhone Developer";
				CODE_SIGN_STYLE = Automatic;
				DEVELOPMENT_TEAM = KVLV4PH39V;
				INFOPLIST_FILE = smallsteps/Info.plist;
				IPHONEOS_DEPLOYMENT_TARGET = 11.3;
				LD_RUNPATH_SEARCH_PATHS = (
					"$(inherited)",
					"@executable_path/Frameworks",
				);
				PRODUCT_BUNDLE_IDENTIFIER = com.group29.smallstep;
				PRODUCT_NAME = "$(TARGET_NAME)";
				PROVISIONING_PROFILE_SPECIFIER = "";
				SWIFT_VERSION = 4.0;
				TARGETED_DEVICE_FAMILY = "1,2";
			};
			name = Release;
		};
		6E03487B20BEBC79008EFC5D /* Debug */ = {
			isa = XCBuildConfiguration;
			buildSettings = {
				ALWAYS_EMBED_SWIFT_STANDARD_LIBRARIES = YES;
				BUNDLE_LOADER = "$(TEST_HOST)";
				CODE_SIGN_STYLE = Automatic;
				HEADER_SEARCH_PATHS = "$(SRCROOT)/Pods/**";
				INFOPLIST_FILE = smallstepsTests/Info.plist;
				IPHONEOS_DEPLOYMENT_TARGET = 11.3;
				LD_RUNPATH_SEARCH_PATHS = (
					"$(inherited)",
					"@executable_path/Frameworks",
					"@loader_path/Frameworks",
				);
				PRODUCT_BUNDLE_IDENTIFIER = com.group29.smallstepsTests;
				PRODUCT_NAME = "$(TARGET_NAME)";
				SWIFT_INSTALL_OBJC_HEADER = NO;
				SWIFT_OBJC_INTERFACE_HEADER_NAME = "";
				SWIFT_PRECOMPILE_BRIDGING_HEADER = NO;
				SWIFT_VERSION = 4.0;
				TARGETED_DEVICE_FAMILY = "1,2";
				TEST_HOST = "$(BUILT_PRODUCTS_DIR)/smallsteps.app/smallsteps";
			};
			name = Debug;
		};
		6E03487C20BEBC79008EFC5D /* Release */ = {
			isa = XCBuildConfiguration;
			buildSettings = {
				ALWAYS_EMBED_SWIFT_STANDARD_LIBRARIES = YES;
				BUNDLE_LOADER = "$(TEST_HOST)";
				CODE_SIGN_STYLE = Automatic;
				HEADER_SEARCH_PATHS = "$(SRCROOT)/Pods/**";
				INFOPLIST_FILE = smallstepsTests/Info.plist;
				IPHONEOS_DEPLOYMENT_TARGET = 11.3;
				LD_RUNPATH_SEARCH_PATHS = (
					"$(inherited)",
					"@executable_path/Frameworks",
					"@loader_path/Frameworks",
				);
				PRODUCT_BUNDLE_IDENTIFIER = com.group29.smallstepsTests;
				PRODUCT_NAME = "$(TARGET_NAME)";
				SWIFT_INSTALL_OBJC_HEADER = NO;
				SWIFT_OBJC_INTERFACE_HEADER_NAME = "";
				SWIFT_PRECOMPILE_BRIDGING_HEADER = NO;
				SWIFT_VERSION = 4.0;
				TARGETED_DEVICE_FAMILY = "1,2";
				TEST_HOST = "$(BUILT_PRODUCTS_DIR)/smallsteps.app/smallsteps";
			};
			name = Release;
		};
		6E03487E20BEBC79008EFC5D /* Debug */ = {
			isa = XCBuildConfiguration;
			buildSettings = {
				ALWAYS_EMBED_SWIFT_STANDARD_LIBRARIES = YES;
				CODE_SIGN_STYLE = Automatic;
				INFOPLIST_FILE = smallstepsUITests/Info.plist;
				IPHONEOS_DEPLOYMENT_TARGET = 11.3;
				LD_RUNPATH_SEARCH_PATHS = (
					"$(inherited)",
					"@executable_path/Frameworks",
					"@loader_path/Frameworks",
				);
				PRODUCT_BUNDLE_IDENTIFIER = com.group29.smallstepsUITests;
				PRODUCT_NAME = "$(TARGET_NAME)";
				SWIFT_VERSION = 4.0;
				TARGETED_DEVICE_FAMILY = "1,2";
				TEST_TARGET_NAME = smallsteps;
			};
			name = Debug;
		};
		6E03487F20BEBC79008EFC5D /* Release */ = {
			isa = XCBuildConfiguration;
			buildSettings = {
				ALWAYS_EMBED_SWIFT_STANDARD_LIBRARIES = YES;
				CODE_SIGN_STYLE = Automatic;
				INFOPLIST_FILE = smallstepsUITests/Info.plist;
				IPHONEOS_DEPLOYMENT_TARGET = 11.3;
				LD_RUNPATH_SEARCH_PATHS = (
					"$(inherited)",
					"@executable_path/Frameworks",
					"@loader_path/Frameworks",
				);
				PRODUCT_BUNDLE_IDENTIFIER = com.group29.smallstepsUITests;
				PRODUCT_NAME = "$(TARGET_NAME)";
				SWIFT_VERSION = 4.0;
				TARGETED_DEVICE_FAMILY = "1,2";
				TEST_TARGET_NAME = smallsteps;
			};
			name = Release;
		};
/* End XCBuildConfiguration section */

/* Begin XCConfigurationList section */
		6E03484720BEBC77008EFC5D /* Build configuration list for PBXProject "smallsteps" */ = {
			isa = XCConfigurationList;
			buildConfigurations = (
				6E03487520BEBC79008EFC5D /* Debug */,
				6E03487620BEBC79008EFC5D /* Release */,
			);
			defaultConfigurationIsVisible = 0;
			defaultConfigurationName = Release;
		};
		6E03487720BEBC79008EFC5D /* Build configuration list for PBXNativeTarget "smallsteps" */ = {
			isa = XCConfigurationList;
			buildConfigurations = (
				6E03487820BEBC79008EFC5D /* Debug */,
				6E03487920BEBC79008EFC5D /* Release */,
			);
			defaultConfigurationIsVisible = 0;
			defaultConfigurationName = Release;
		};
		6E03487A20BEBC79008EFC5D /* Build configuration list for PBXNativeTarget "smallstepsTests" */ = {
			isa = XCConfigurationList;
			buildConfigurations = (
				6E03487B20BEBC79008EFC5D /* Debug */,
				6E03487C20BEBC79008EFC5D /* Release */,
			);
			defaultConfigurationIsVisible = 0;
			defaultConfigurationName = Release;
		};
		6E03487D20BEBC79008EFC5D /* Build configuration list for PBXNativeTarget "smallstepsUITests" */ = {
			isa = XCConfigurationList;
			buildConfigurations = (
				6E03487E20BEBC79008EFC5D /* Debug */,
				6E03487F20BEBC79008EFC5D /* Release */,
			);
			defaultConfigurationIsVisible = 0;
			defaultConfigurationName = Release;
		};
/* End XCConfigurationList section */

/* Begin XCVersionGroup section */
		6E03485620BEBC77008EFC5D /* smallsteps.xcdatamodeld */ = {
			isa = XCVersionGroup;
			children = (
				6E03485720BEBC77008EFC5D /* smallsteps.xcdatamodel */,
			);
			currentVersion = 6E03485720BEBC77008EFC5D /* smallsteps.xcdatamodel */;
			path = smallsteps.xcdatamodeld;
			sourceTree = "<group>";
			versionGroupType = wrapper.xcdatamodel;
		};
/* End XCVersionGroup section */
	};
	rootObject = 6E03484420BEBC77008EFC5D /* Project object */;
}
