// !$*UTF8*$!
{
	archiveVersion = 1;
	classes = {
	};
	objectVersion = 50;
	objects = {

/* Begin PBXBuildFile section */
		3E38310F20BDAADC00459358 /* AppDelegate.swift in Sources */ = {isa = PBXBuildFile; fileRef = 3E38310E20BDAADC00459358 /* AppDelegate.swift */; };
		3E38311120BDAADC00459358 /* ViewController.swift in Sources */ = {isa = PBXBuildFile; fileRef = 3E38311020BDAADC00459358 /* ViewController.swift */; };
		3E38311420BDAADC00459358 /* Main.storyboard in Resources */ = {isa = PBXBuildFile; fileRef = 3E38311220BDAADC00459358 /* Main.storyboard */; };
		3E38311720BDAADC00459358 /* Small_Steps.xcdatamodeld in Sources */ = {isa = PBXBuildFile; fileRef = 3E38311520BDAADC00459358 /* Small_Steps.xcdatamodeld */; };
		3E38311920BDAADD00459358 /* Assets.xcassets in Resources */ = {isa = PBXBuildFile; fileRef = 3E38311820BDAADD00459358 /* Assets.xcassets */; };
		3E38311C20BDAADD00459358 /* LaunchScreen.storyboard in Resources */ = {isa = PBXBuildFile; fileRef = 3E38311A20BDAADD00459358 /* LaunchScreen.storyboard */; };
		3E38312720BDAADD00459358 /* Small_StepsTests.swift in Sources */ = {isa = PBXBuildFile; fileRef = 3E38312620BDAADD00459358 /* Small_StepsTests.swift */; };
		3E38313220BDAADD00459358 /* Small_StepsUITests.swift in Sources */ = {isa = PBXBuildFile; fileRef = 3E38313120BDAADD00459358 /* Small_StepsUITests.swift */; };
/* End PBXBuildFile section */

/* Begin PBXContainerItemProxy section */
		3E38312320BDAADD00459358 /* PBXContainerItemProxy */ = {
			isa = PBXContainerItemProxy;
			containerPortal = 3E38310320BDAADC00459358 /* Project object */;
			proxyType = 1;
			remoteGlobalIDString = 3E38310A20BDAADC00459358;
			remoteInfo = "Small Steps";
		};
		3E38312E20BDAADD00459358 /* PBXContainerItemProxy */ = {
			isa = PBXContainerItemProxy;
			containerPortal = 3E38310320BDAADC00459358 /* Project object */;
			proxyType = 1;
			remoteGlobalIDString = 3E38310A20BDAADC00459358;
			remoteInfo = "Small Steps";
		};
/* End PBXContainerItemProxy section */

/* Begin PBXFileReference section */
		3E38310B20BDAADC00459358 /* Small Steps.app */ = {isa = PBXFileReference; explicitFileType = wrapper.application; includeInIndex = 0; path = "Small Steps.app"; sourceTree = BUILT_PRODUCTS_DIR; };
		3E38310E20BDAADC00459358 /* AppDelegate.swift */ = {isa = PBXFileReference; lastKnownFileType = sourcecode.swift; path = AppDelegate.swift; sourceTree = "<group>"; };
		3E38311020BDAADC00459358 /* ViewController.swift */ = {isa = PBXFileReference; lastKnownFileType = sourcecode.swift; path = ViewController.swift; sourceTree = "<group>"; };
		3E38311320BDAADC00459358 /* Base */ = {isa = PBXFileReference; lastKnownFileType = file.storyboard; name = Base; path = Base.lproj/Main.storyboard; sourceTree = "<group>"; };
		3E38311620BDAADC00459358 /* Small_Steps.xcdatamodel */ = {isa = PBXFileReference; lastKnownFileType = wrapper.xcdatamodel; path = Small_Steps.xcdatamodel; sourceTree = "<group>"; };
		3E38311820BDAADD00459358 /* Assets.xcassets */ = {isa = PBXFileReference; lastKnownFileType = folder.assetcatalog; path = Assets.xcassets; sourceTree = "<group>"; };
		3E38311B20BDAADD00459358 /* Base */ = {isa = PBXFileReference; lastKnownFileType = file.storyboard; name = Base; path = Base.lproj/LaunchScreen.storyboard; sourceTree = "<group>"; };
		3E38311D20BDAADD00459358 /* Info.plist */ = {isa = PBXFileReference; lastKnownFileType = text.plist.xml; path = Info.plist; sourceTree = "<group>"; };
		3E38312220BDAADD00459358 /* Small StepsTests.xctest */ = {isa = PBXFileReference; explicitFileType = wrapper.cfbundle; includeInIndex = 0; path = "Small StepsTests.xctest"; sourceTree = BUILT_PRODUCTS_DIR; };
		3E38312620BDAADD00459358 /* Small_StepsTests.swift */ = {isa = PBXFileReference; lastKnownFileType = sourcecode.swift; path = Small_StepsTests.swift; sourceTree = "<group>"; };
		3E38312820BDAADD00459358 /* Info.plist */ = {isa = PBXFileReference; lastKnownFileType = text.plist.xml; path = Info.plist; sourceTree = "<group>"; };
		3E38312D20BDAADD00459358 /* Small StepsUITests.xctest */ = {isa = PBXFileReference; explicitFileType = wrapper.cfbundle; includeInIndex = 0; path = "Small StepsUITests.xctest"; sourceTree = BUILT_PRODUCTS_DIR; };
		3E38313120BDAADD00459358 /* Small_StepsUITests.swift */ = {isa = PBXFileReference; lastKnownFileType = sourcecode.swift; path = Small_StepsUITests.swift; sourceTree = "<group>"; };
		3E38313320BDAADD00459358 /* Info.plist */ = {isa = PBXFileReference; lastKnownFileType = text.plist.xml; path = Info.plist; sourceTree = "<group>"; };
/* End PBXFileReference section */

/* Begin PBXFrameworksBuildPhase section */
		3E38310820BDAADC00459358 /* Frameworks */ = {
			isa = PBXFrameworksBuildPhase;
			buildActionMask = 2147483647;
			files = (
			);
			runOnlyForDeploymentPostprocessing = 0;
		};
		3E38311F20BDAADD00459358 /* Frameworks */ = {
			isa = PBXFrameworksBuildPhase;
			buildActionMask = 2147483647;
			files = (
			);
			runOnlyForDeploymentPostprocessing = 0;
		};
		3E38312A20BDAADD00459358 /* Frameworks */ = {
			isa = PBXFrameworksBuildPhase;
			buildActionMask = 2147483647;
			files = (
			);
			runOnlyForDeploymentPostprocessing = 0;
		};
/* End PBXFrameworksBuildPhase section */

/* Begin PBXGroup section */
		3E38310220BDAADC00459358 = {
			isa = PBXGroup;
			children = (
				3E38310D20BDAADC00459358 /* Small Steps */,
				3E38312520BDAADD00459358 /* Small StepsTests */,
				3E38313020BDAADD00459358 /* Small StepsUITests */,
				3E38310C20BDAADC00459358 /* Products */,
			);
			sourceTree = "<group>";
		};
		3E38310C20BDAADC00459358 /* Products */ = {
			isa = PBXGroup;
			children = (
				3E38310B20BDAADC00459358 /* Small Steps.app */,
				3E38312220BDAADD00459358 /* Small StepsTests.xctest */,
				3E38312D20BDAADD00459358 /* Small StepsUITests.xctest */,
			);
			name = Products;
			sourceTree = "<group>";
		};
		3E38310D20BDAADC00459358 /* Small Steps */ = {
			isa = PBXGroup;
			children = (
				3E38310E20BDAADC00459358 /* AppDelegate.swift */,
				3E38311020BDAADC00459358 /* ViewController.swift */,
				3E38311220BDAADC00459358 /* Main.storyboard */,
				3E38311820BDAADD00459358 /* Assets.xcassets */,
				3E38311A20BDAADD00459358 /* LaunchScreen.storyboard */,
				3E38311D20BDAADD00459358 /* Info.plist */,
				3E38311520BDAADC00459358 /* Small_Steps.xcdatamodeld */,
			);
			path = "Small Steps";
			sourceTree = "<group>";
		};
		3E38312520BDAADD00459358 /* Small StepsTests */ = {
			isa = PBXGroup;
			children = (
				3E38312620BDAADD00459358 /* Small_StepsTests.swift */,
				3E38312820BDAADD00459358 /* Info.plist */,
			);
			path = "Small StepsTests";
			sourceTree = "<group>";
		};
		3E38313020BDAADD00459358 /* Small StepsUITests */ = {
			isa = PBXGroup;
			children = (
				3E38313120BDAADD00459358 /* Small_StepsUITests.swift */,
				3E38313320BDAADD00459358 /* Info.plist */,
			);
			path = "Small StepsUITests";
			sourceTree = "<group>";
		};
/* End PBXGroup section */

/* Begin PBXNativeTarget section */
		3E38310A20BDAADC00459358 /* Small Steps */ = {
			isa = PBXNativeTarget;
			buildConfigurationList = 3E38313620BDAADD00459358 /* Build configuration list for PBXNativeTarget "Small Steps" */;
			buildPhases = (
				3E38310720BDAADC00459358 /* Sources */,
				3E38310820BDAADC00459358 /* Frameworks */,
				3E38310920BDAADC00459358 /* Resources */,
			);
			buildRules = (
			);
			dependencies = (
			);
			name = "Small Steps";
			productName = "Small Steps";
			productReference = 3E38310B20BDAADC00459358 /* Small Steps.app */;
			productType = "com.apple.product-type.application";
		};
		3E38312120BDAADD00459358 /* Small StepsTests */ = {
			isa = PBXNativeTarget;
			buildConfigurationList = 3E38313920BDAADD00459358 /* Build configuration list for PBXNativeTarget "Small StepsTests" */;
			buildPhases = (
				3E38311E20BDAADD00459358 /* Sources */,
				3E38311F20BDAADD00459358 /* Frameworks */,
				3E38312020BDAADD00459358 /* Resources */,
			);
			buildRules = (
			);
			dependencies = (
				3E38312420BDAADD00459358 /* PBXTargetDependency */,
			);
			name = "Small StepsTests";
			productName = "Small StepsTests";
			productReference = 3E38312220BDAADD00459358 /* Small StepsTests.xctest */;
			productType = "com.apple.product-type.bundle.unit-test";
		};
		3E38312C20BDAADD00459358 /* Small StepsUITests */ = {
			isa = PBXNativeTarget;
			buildConfigurationList = 3E38313C20BDAADD00459358 /* Build configuration list for PBXNativeTarget "Small StepsUITests" */;
			buildPhases = (
				3E38312920BDAADD00459358 /* Sources */,
				3E38312A20BDAADD00459358 /* Frameworks */,
				3E38312B20BDAADD00459358 /* Resources */,
			);
			buildRules = (
			);
			dependencies = (
				3E38312F20BDAADD00459358 /* PBXTargetDependency */,
			);
			name = "Small StepsUITests";
			productName = "Small StepsUITests";
			productReference = 3E38312D20BDAADD00459358 /* Small StepsUITests.xctest */;
			productType = "com.apple.product-type.bundle.ui-testing";
		};
/* End PBXNativeTarget section */

/* Begin PBXProject section */
		3E38310320BDAADC00459358 /* Project object */ = {
			isa = PBXProject;
			attributes = {
				LastSwiftUpdateCheck = 0930;
				LastUpgradeCheck = 0930;
				ORGANIZATIONNAME = WebApps29;
				TargetAttributes = {
					3E38310A20BDAADC00459358 = {
						CreatedOnToolsVersion = 9.3.1;
					};
					3E38312120BDAADD00459358 = {
						CreatedOnToolsVersion = 9.3.1;
						TestTargetID = 3E38310A20BDAADC00459358;
					};
					3E38312C20BDAADD00459358 = {
						CreatedOnToolsVersion = 9.3.1;
						TestTargetID = 3E38310A20BDAADC00459358;
					};
				};
			};
			buildConfigurationList = 3E38310620BDAADC00459358 /* Build configuration list for PBXProject "Small Steps" */;
			compatibilityVersion = "Xcode 9.3";
			developmentRegion = en;
			hasScannedForEncodings = 0;
			knownRegions = (
				en,
				Base,
			);
			mainGroup = 3E38310220BDAADC00459358;
			productRefGroup = 3E38310C20BDAADC00459358 /* Products */;
			projectDirPath = "";
			projectRoot = "";
			targets = (
				3E38310A20BDAADC00459358 /* Small Steps */,
				3E38312120BDAADD00459358 /* Small StepsTests */,
				3E38312C20BDAADD00459358 /* Small StepsUITests */,
			);
		};
/* End PBXProject section */

/* Begin PBXResourcesBuildPhase section */
		3E38310920BDAADC00459358 /* Resources */ = {
			isa = PBXResourcesBuildPhase;
			buildActionMask = 2147483647;
			files = (
				3E38311C20BDAADD00459358 /* LaunchScreen.storyboard in Resources */,
				3E38311920BDAADD00459358 /* Assets.xcassets in Resources */,
				3E38311420BDAADC00459358 /* Main.storyboard in Resources */,
			);
			runOnlyForDeploymentPostprocessing = 0;
		};
		3E38312020BDAADD00459358 /* Resources */ = {
			isa = PBXResourcesBuildPhase;
			buildActionMask = 2147483647;
			files = (
			);
			runOnlyForDeploymentPostprocessing = 0;
		};
		3E38312B20BDAADD00459358 /* Resources */ = {
			isa = PBXResourcesBuildPhase;
			buildActionMask = 2147483647;
			files = (
			);
			runOnlyForDeploymentPostprocessing = 0;
		};
/* End PBXResourcesBuildPhase section */

/* Begin PBXSourcesBuildPhase section */
		3E38310720BDAADC00459358 /* Sources */ = {
			isa = PBXSourcesBuildPhase;
			buildActionMask = 2147483647;
			files = (
				3E38311120BDAADC00459358 /* ViewController.swift in Sources */,
				3E38310F20BDAADC00459358 /* AppDelegate.swift in Sources */,
				3E38311720BDAADC00459358 /* Small_Steps.xcdatamodeld in Sources */,
			);
			runOnlyForDeploymentPostprocessing = 0;
		};
		3E38311E20BDAADD00459358 /* Sources */ = {
			isa = PBXSourcesBuildPhase;
			buildActionMask = 2147483647;
			files = (
				3E38312720BDAADD00459358 /* Small_StepsTests.swift in Sources */,
			);
			runOnlyForDeploymentPostprocessing = 0;
		};
		3E38312920BDAADD00459358 /* Sources */ = {
			isa = PBXSourcesBuildPhase;
			buildActionMask = 2147483647;
			files = (
				3E38313220BDAADD00459358 /* Small_StepsUITests.swift in Sources */,
			);
			runOnlyForDeploymentPostprocessing = 0;
		};
/* End PBXSourcesBuildPhase section */

/* Begin PBXTargetDependency section */
		3E38312420BDAADD00459358 /* PBXTargetDependency */ = {
			isa = PBXTargetDependency;
			target = 3E38310A20BDAADC00459358 /* Small Steps */;
			targetProxy = 3E38312320BDAADD00459358 /* PBXContainerItemProxy */;
		};
		3E38312F20BDAADD00459358 /* PBXTargetDependency */ = {
			isa = PBXTargetDependency;
			target = 3E38310A20BDAADC00459358 /* Small Steps */;
			targetProxy = 3E38312E20BDAADD00459358 /* PBXContainerItemProxy */;
		};
/* End PBXTargetDependency section */

/* Begin PBXVariantGroup section */
		3E38311220BDAADC00459358 /* Main.storyboard */ = {
			isa = PBXVariantGroup;
			children = (
				3E38311320BDAADC00459358 /* Base */,
			);
			name = Main.storyboard;
			sourceTree = "<group>";
		};
		3E38311A20BDAADD00459358 /* LaunchScreen.storyboard */ = {
			isa = PBXVariantGroup;
			children = (
				3E38311B20BDAADD00459358 /* Base */,
			);
			name = LaunchScreen.storyboard;
			sourceTree = "<group>";
		};
/* End PBXVariantGroup section */

/* Begin XCBuildConfiguration section */
		3E38313420BDAADD00459358 /* Debug */ = {
			isa = XCBuildConfiguration;
			buildSettings = {
				ALWAYS_SEARCH_USER_PATHS = NO;
				CLANG_ANALYZER_NONNULL = YES;
				CLANG_ANALYZER_NUMBER_OBJECT_CONVERSION = YES_AGGRESSIVE;
				CLANG_CXX_LANGUAGE_STANDARD = "gnu++14";
				CLANG_CXX_LIBRARY = "libc++";
				CLANG_ENABLE_MODULES = YES;
				CLANG_ENABLE_OBJC_ARC = YES;
				CLANG_ENABLE_OBJC_WEAK = YES;
				CLANG_WARN_BLOCK_CAPTURE_AUTORELEASING = YES;
				CLANG_WARN_BOOL_CONVERSION = YES;
				CLANG_WARN_COMMA = YES;
				CLANG_WARN_CONSTANT_CONVERSION = YES;
				CLANG_WARN_DEPRECATED_OBJC_IMPLEMENTATIONS = YES;
				CLANG_WARN_DIRECT_OBJC_ISA_USAGE = YES_ERROR;
				CLANG_WARN_DOCUMENTATION_COMMENTS = YES;
				CLANG_WARN_EMPTY_BODY = YES;
				CLANG_WARN_ENUM_CONVERSION = YES;
				CLANG_WARN_INFINITE_RECURSION = YES;
				CLANG_WARN_INT_CONVERSION = YES;
				CLANG_WARN_NON_LITERAL_NULL_CONVERSION = YES;
				CLANG_WARN_OBJC_IMPLICIT_RETAIN_SELF = YES;
				CLANG_WARN_OBJC_LITERAL_CONVERSION = YES;
				CLANG_WARN_OBJC_ROOT_CLASS = YES_ERROR;
				CLANG_WARN_RANGE_LOOP_ANALYSIS = YES;
				CLANG_WARN_STRICT_PROTOTYPES = YES;
				CLANG_WARN_SUSPICIOUS_MOVE = YES;
				CLANG_WARN_UNGUARDED_AVAILABILITY = YES_AGGRESSIVE;
				CLANG_WARN_UNREACHABLE_CODE = YES;
				CLANG_WARN__DUPLICATE_METHOD_MATCH = YES;
				CODE_SIGN_IDENTITY = "iPhone Developer";
				COPY_PHASE_STRIP = NO;
				DEBUG_INFORMATION_FORMAT = dwarf;
				ENABLE_STRICT_OBJC_MSGSEND = YES;
				ENABLE_TESTABILITY = YES;
				GCC_C_LANGUAGE_STANDARD = gnu11;
				GCC_DYNAMIC_NO_PIC = NO;
				GCC_NO_COMMON_BLOCKS = YES;
				GCC_OPTIMIZATION_LEVEL = 0;
				GCC_PREPROCESSOR_DEFINITIONS = (
					"DEBUG=1",
					"$(inherited)",
				);
				GCC_WARN_64_TO_32_BIT_CONVERSION = YES;
				GCC_WARN_ABOUT_RETURN_TYPE = YES_ERROR;
				GCC_WARN_UNDECLARED_SELECTOR = YES;
				GCC_WARN_UNINITIALIZED_AUTOS = YES_AGGRESSIVE;
				GCC_WARN_UNUSED_FUNCTION = YES;
				GCC_WARN_UNUSED_VARIABLE = YES;
				IPHONEOS_DEPLOYMENT_TARGET = 11.3;
				MTL_ENABLE_DEBUG_INFO = YES;
				ONLY_ACTIVE_ARCH = YES;
				SDKROOT = iphoneos;
				SWIFT_ACTIVE_COMPILATION_CONDITIONS = DEBUG;
				SWIFT_OPTIMIZATION_LEVEL = "-Onone";
			};
			name = Debug;
		};
		3E38313520BDAADD00459358 /* Release */ = {
			isa = XCBuildConfiguration;
			buildSettings = {
				ALWAYS_SEARCH_USER_PATHS = NO;
				CLANG_ANALYZER_NONNULL = YES;
				CLANG_ANALYZER_NUMBER_OBJECT_CONVERSION = YES_AGGRESSIVE;
				CLANG_CXX_LANGUAGE_STANDARD = "gnu++14";
				CLANG_CXX_LIBRARY = "libc++";
				CLANG_ENABLE_MODULES = YES;
				CLANG_ENABLE_OBJC_ARC = YES;
				CLANG_ENABLE_OBJC_WEAK = YES;
				CLANG_WARN_BLOCK_CAPTURE_AUTORELEASING = YES;
				CLANG_WARN_BOOL_CONVERSION = YES;
				CLANG_WARN_COMMA = YES;
				CLANG_WARN_CONSTANT_CONVERSION = YES;
				CLANG_WARN_DEPRECATED_OBJC_IMPLEMENTATIONS = YES;
				CLANG_WARN_DIRECT_OBJC_ISA_USAGE = YES_ERROR;
				CLANG_WARN_DOCUMENTATION_COMMENTS = YES;
				CLANG_WARN_EMPTY_BODY = YES;
				CLANG_WARN_ENUM_CONVERSION = YES;
				CLANG_WARN_INFINITE_RECURSION = YES;
				CLANG_WARN_INT_CONVERSION = YES;
				CLANG_WARN_NON_LITERAL_NULL_CONVERSION = YES;
				CLANG_WARN_OBJC_IMPLICIT_RETAIN_SELF = YES;
				CLANG_WARN_OBJC_LITERAL_CONVERSION = YES;
				CLANG_WARN_OBJC_ROOT_CLASS = YES_ERROR;
				CLANG_WARN_RANGE_LOOP_ANALYSIS = YES;
				CLANG_WARN_STRICT_PROTOTYPES = YES;
				CLANG_WARN_SUSPICIOUS_MOVE = YES;
				CLANG_WARN_UNGUARDED_AVAILABILITY = YES_AGGRESSIVE;
				CLANG_WARN_UNREACHABLE_CODE = YES;
				CLANG_WARN__DUPLICATE_METHOD_MATCH = YES;
				CODE_SIGN_IDENTITY = "iPhone Developer";
				COPY_PHASE_STRIP = NO;
				DEBUG_INFORMATION_FORMAT = "dwarf-with-dsym";
				ENABLE_NS_ASSERTIONS = NO;
				ENABLE_STRICT_OBJC_MSGSEND = YES;
				GCC_C_LANGUAGE_STANDARD = gnu11;
				GCC_NO_COMMON_BLOCKS = YES;
				GCC_WARN_64_TO_32_BIT_CONVERSION = YES;
				GCC_WARN_ABOUT_RETURN_TYPE = YES_ERROR;
				GCC_WARN_UNDECLARED_SELECTOR = YES;
				GCC_WARN_UNINITIALIZED_AUTOS = YES_AGGRESSIVE;
				GCC_WARN_UNUSED_FUNCTION = YES;
				GCC_WARN_UNUSED_VARIABLE = YES;
				IPHONEOS_DEPLOYMENT_TARGET = 11.3;
				MTL_ENABLE_DEBUG_INFO = NO;
				SDKROOT = iphoneos;
				SWIFT_COMPILATION_MODE = wholemodule;
				SWIFT_OPTIMIZATION_LEVEL = "-O";
				VALIDATE_PRODUCT = YES;
			};
			name = Release;
		};
		3E38313720BDAADD00459358 /* Debug */ = {
			isa = XCBuildConfiguration;
			buildSettings = {
				ASSETCATALOG_COMPILER_APPICON_NAME = AppIcon;
				CODE_SIGN_STYLE = Automatic;
				INFOPLIST_FILE = "Small Steps/Info.plist";
				LD_RUNPATH_SEARCH_PATHS = (
					"$(inherited)",
					"@executable_path/Frameworks",
				);
				PRODUCT_BUNDLE_IDENTIFIER = "com.webapps29.Small-Steps";
				PRODUCT_NAME = "$(TARGET_NAME)";
				SWIFT_VERSION = 4.0;
				TARGETED_DEVICE_FAMILY = "1,2";
			};
			name = Debug;
		};
		3E38313820BDAADD00459358 /* Release */ = {
			isa = XCBuildConfiguration;
			buildSettings = {
				ASSETCATALOG_COMPILER_APPICON_NAME = AppIcon;
				CODE_SIGN_STYLE = Automatic;
				INFOPLIST_FILE = "Small Steps/Info.plist";
				LD_RUNPATH_SEARCH_PATHS = (
					"$(inherited)",
					"@executable_path/Frameworks",
				);
				PRODUCT_BUNDLE_IDENTIFIER = "com.webapps29.Small-Steps";
				PRODUCT_NAME = "$(TARGET_NAME)";
				SWIFT_VERSION = 4.0;
				TARGETED_DEVICE_FAMILY = "1,2";
			};
			name = Release;
		};
		3E38313A20BDAADD00459358 /* Debug */ = {
			isa = XCBuildConfiguration;
			buildSettings = {
				ALWAYS_EMBED_SWIFT_STANDARD_LIBRARIES = YES;
				BUNDLE_LOADER = "$(TEST_HOST)";
				CODE_SIGN_STYLE = Automatic;
				INFOPLIST_FILE = "Small StepsTests/Info.plist";
				LD_RUNPATH_SEARCH_PATHS = (
					"$(inherited)",
					"@executable_path/Frameworks",
					"@loader_path/Frameworks",
				);
				PRODUCT_BUNDLE_IDENTIFIER = "com.webapps29.Small-StepsTests";
				PRODUCT_NAME = "$(TARGET_NAME)";
				SWIFT_VERSION = 4.0;
				TARGETED_DEVICE_FAMILY = "1,2";
				TEST_HOST = "$(BUILT_PRODUCTS_DIR)/Small Steps.app/Small Steps";
			};
			name = Debug;
		};
		3E38313B20BDAADD00459358 /* Release */ = {
			isa = XCBuildConfiguration;
			buildSettings = {
				ALWAYS_EMBED_SWIFT_STANDARD_LIBRARIES = YES;
				BUNDLE_LOADER = "$(TEST_HOST)";
				CODE_SIGN_STYLE = Automatic;
				INFOPLIST_FILE = "Small StepsTests/Info.plist";
				LD_RUNPATH_SEARCH_PATHS = (
					"$(inherited)",
					"@executable_path/Frameworks",
					"@loader_path/Frameworks",
				);
				PRODUCT_BUNDLE_IDENTIFIER = "com.webapps29.Small-StepsTests";
				PRODUCT_NAME = "$(TARGET_NAME)";
				SWIFT_VERSION = 4.0;
				TARGETED_DEVICE_FAMILY = "1,2";
				TEST_HOST = "$(BUILT_PRODUCTS_DIR)/Small Steps.app/Small Steps";
			};
			name = Release;
		};
		3E38313D20BDAADD00459358 /* Debug */ = {
			isa = XCBuildConfiguration;
			buildSettings = {
				ALWAYS_EMBED_SWIFT_STANDARD_LIBRARIES = YES;
				CODE_SIGN_STYLE = Automatic;
				INFOPLIST_FILE = "Small StepsUITests/Info.plist";
				LD_RUNPATH_SEARCH_PATHS = (
					"$(inherited)",
					"@executable_path/Frameworks",
					"@loader_path/Frameworks",
				);
				PRODUCT_BUNDLE_IDENTIFIER = "com.webapps29.Small-StepsUITests";
				PRODUCT_NAME = "$(TARGET_NAME)";
				SWIFT_VERSION = 4.0;
				TARGETED_DEVICE_FAMILY = "1,2";
				TEST_TARGET_NAME = "Small Steps";
			};
			name = Debug;
		};
		3E38313E20BDAADD00459358 /* Release */ = {
			isa = XCBuildConfiguration;
			buildSettings = {
				ALWAYS_EMBED_SWIFT_STANDARD_LIBRARIES = YES;
				CODE_SIGN_STYLE = Automatic;
				INFOPLIST_FILE = "Small StepsUITests/Info.plist";
				LD_RUNPATH_SEARCH_PATHS = (
					"$(inherited)",
					"@executable_path/Frameworks",
					"@loader_path/Frameworks",
				);
				PRODUCT_BUNDLE_IDENTIFIER = "com.webapps29.Small-StepsUITests";
				PRODUCT_NAME = "$(TARGET_NAME)";
				SWIFT_VERSION = 4.0;
				TARGETED_DEVICE_FAMILY = "1,2";
				TEST_TARGET_NAME = "Small Steps";
			};
			name = Release;
		};
/* End XCBuildConfiguration section */

/* Begin XCConfigurationList section */
		3E38310620BDAADC00459358 /* Build configuration list for PBXProject "Small Steps" */ = {
			isa = XCConfigurationList;
			buildConfigurations = (
				3E38313420BDAADD00459358 /* Debug */,
				3E38313520BDAADD00459358 /* Release */,
			);
			defaultConfigurationIsVisible = 0;
			defaultConfigurationName = Release;
		};
		3E38313620BDAADD00459358 /* Build configuration list for PBXNativeTarget "Small Steps" */ = {
			isa = XCConfigurationList;
			buildConfigurations = (
				3E38313720BDAADD00459358 /* Debug */,
				3E38313820BDAADD00459358 /* Release */,
			);
			defaultConfigurationIsVisible = 0;
			defaultConfigurationName = Release;
		};
		3E38313920BDAADD00459358 /* Build configuration list for PBXNativeTarget "Small StepsTests" */ = {
			isa = XCConfigurationList;
			buildConfigurations = (
				3E38313A20BDAADD00459358 /* Debug */,
				3E38313B20BDAADD00459358 /* Release */,
			);
			defaultConfigurationIsVisible = 0;
			defaultConfigurationName = Release;
		};
		3E38313C20BDAADD00459358 /* Build configuration list for PBXNativeTarget "Small StepsUITests" */ = {
			isa = XCConfigurationList;
			buildConfigurations = (
				3E38313D20BDAADD00459358 /* Debug */,
				3E38313E20BDAADD00459358 /* Release */,
			);
			defaultConfigurationIsVisible = 0;
			defaultConfigurationName = Release;
		};
/* End XCConfigurationList section */

/* Begin XCVersionGroup section */
		3E38311520BDAADC00459358 /* Small_Steps.xcdatamodeld */ = {
			isa = XCVersionGroup;
			children = (
				3E38311620BDAADC00459358 /* Small_Steps.xcdatamodel */,
			);
			currentVersion = 3E38311620BDAADC00459358 /* Small_Steps.xcdatamodel */;
			path = Small_Steps.xcdatamodeld;
			sourceTree = "<group>";
			versionGroupType = wrapper.xcdatamodel;
		};
/* End XCVersionGroup section */
	};
	rootObject = 3E38310320BDAADC00459358 /* Project object */;
}
